
Microsoft Visual Studio Solution File, Format Version 12.00
# Visual Studio 14
VisualStudioVersion = 14.0.24720.0
MinimumVisualStudioVersion = 10.0.40219.1
Project("{FAE04EC0-301F-11D3-BF4B-00C04F79EFBC}") = "DirectoryListViewer", "DirectoryListViewer\DirectoryListViewer.csproj", "{A5966B70-5EFB-492D-A1BC-42E0EF967F29}"
EndProject
Project("{FAE04EC0-301F-11D3-BF4B-00C04F79EFBC}") = "DirectoryListLibrary", "DirectoryListLibrary\DirectoryListLibrary.csproj", "{4FF6DA8D-8FA5-45BC-88CF-F3862AE90577}"
EndProject
Project("{FAE04EC0-301F-11D3-BF4B-00C04F79EFBC}") = "DirectoryProcessor", "DirectoryProcessor\DirectoryProcessor.csproj", "{2D023B9D-CAF0-486E-8A8C-DEDA5EE441C6}"
EndProject
Project("{FAE04EC0-301F-11D3-BF4B-00C04F79EFBC}") = "FileQueueProcessor.MSMQ", "FileQueueProcessor.MSMQ\FileQueueProcessor.MSMQ.csproj", "{FABBAFEA-BBA0-4CDA-8FB7-381BC7094920}"
EndProject
Project("{FAE04EC0-301F-11D3-BF4B-00C04F79EFBC}") = "FileQueueProcessor.Memory", "FileQueueProcessor.Memory\FileQueueProcessor.Memory.csproj", "{C4203642-324C-4681-BD12-AEE83F607614}"
EndProject
Global
	GlobalSection(SolutionConfigurationPlatforms) = preSolution
		Debug|Any CPU = Debug|Any CPU
		Release|Any CPU = Release|Any CPU
	EndGlobalSection
	GlobalSection(ProjectConfigurationPlatforms) = postSolution
		{A5966B70-5EFB-492D-A1BC-42E0EF967F29}.Debug|Any CPU.ActiveCfg = Debug|Any CPU
		{A5966B70-5EFB-492D-A1BC-42E0EF967F29}.Debug|Any CPU.Build.0 = Debug|Any CPU
		{A5966B70-5EFB-492D-A1BC-42E0EF967F29}.Release|Any CPU.ActiveCfg = Release|Any CPU
		{A5966B70-5EFB-492D-A1BC-42E0EF967F29}.Release|Any CPU.Build.0 = Release|Any CPU
		{4FF6DA8D-8FA5-45BC-88CF-F3862AE90577}.Debug|Any CPU.ActiveCfg = Debug|Any CPU
		{4FF6DA8D-8FA5-45BC-88CF-F3862AE90577}.Debug|Any CPU.Build.0 = Debug|Any CPU
		{4FF6DA8D-8FA5-45BC-88CF-F3862AE90577}.Release|Any CPU.ActiveCfg = Release|Any CPU
		{4FF6DA8D-8FA5-45BC-88CF-F3862AE90577}.Release|Any CPU.Build.0 = Release|Any CPU
		{2D023B9D-CAF0-486E-8A8C-DEDA5EE441C6}.Debug|Any CPU.ActiveCfg = Debug|Any CPU
		{2D023B9D-CAF0-486E-8A8C-DEDA5EE441C6}.Debug|Any CPU.Build.0 = Debug|Any CPU
		{2D023B9D-CAF0-486E-8A8C-DEDA5EE441C6}.Release|Any CPU.ActiveCfg = Release|Any CPU
		{2D023B9D-CAF0-486E-8A8C-DEDA5EE441C6}.Release|Any CPU.Build.0 = Release|Any CPU
		{FABBAFEA-BBA0-4CDA-8FB7-381BC7094920}.Debug|Any CPU.ActiveCfg = Debug|Any CPU
		{FABBAFEA-BBA0-4CDA-8FB7-381BC7094920}.Debug|Any CPU.Build.0 = Debug|Any CPU
		{FABBAFEA-BBA0-4CDA-8FB7-381BC7094920}.Release|Any CPU.ActiveCfg = Release|Any CPU
		{FABBAFEA-BBA0-4CDA-8FB7-381BC7094920}.Release|Any CPU.Build.0 = Release|Any CPU
		{C4203642-324C-4681-BD12-AEE83F607614}.Debug|Any CPU.ActiveCfg = Debug|Any CPU
		{C4203642-324C-4681-BD12-AEE83F607614}.Debug|Any CPU.Build.0 = Debug|Any CPU
		{C4203642-324C-4681-BD12-AEE83F607614}.Release|Any CPU.ActiveCfg = Release|Any CPU
		{C4203642-324C-4681-BD12-AEE83F607614}.Release|Any CPU.Build.0 = Release|Any CPU
	EndGlobalSection
	GlobalSection(SolutionProperties) = preSolution
		HideSolutionNode = FALSE
	EndGlobalSection
EndGlobal
